<?xml version="1.0" encoding="utf-8"?>
<Project ToolsVersion="4.0" xmlns="http://schemas.microsoft.com/developer/msbuild/2003">
  <ItemGroup>
    <Filter Include="driver">
      <UniqueIdentifier>{9fa6150b-a398-41d4-968e-ce1092c172d7}</UniqueIdentifier>
    </Filter>
    <Filter Include="def">
      <UniqueIdentifier>{7e655ad5-2798-45db-b810-6252e62752ba}</UniqueIdentifier>
    </Filter>
    <Filter Include="core">
      <UniqueIdentifier>{ce9d73b5-3345-42f0-89b6-daa25aab0b01}</UniqueIdentifier>
    </Filter>
    <Filter Include="array element">
      <UniqueIdentifier>{39ccf92c-6e65-4cd5-8d34-2cd25b342c6b}</UniqueIdentifier>
    </Filter>
    <Filter Include="mesa headers">
      <UniqueIdentifier>{c0d17d6a-c9bf-4996-b414-06d7079f887f}</UniqueIdentifier>
    </Filter>
    <Filter Include="Resource Files">
      <UniqueIdentifier>{789eabc1-3f2b-4378-982b-5f1a3471ef0c}</UniqueIdentifier>
      <Extensions>ico;cur;bmp;dlg;rc2;rct;bin;rgs;gif;jpg;jpeg;jpe</Extensions>
    </Filter>
  </ItemGroup>
  <ItemGroup>
    <ClCompile Include="$(ProjectDir)\src\dll_main.c" />
    <ClCompile Include="$(ProjectDir)\src\dx9\gld5_driver.c" />
    <ClCompile Include="$(ProjectDir)\src\dx9\gld5_extensions.c" />
    <ClCompile Include="$(ProjectDir)\src\dx9\gld5_texture.c" />
    <ClCompile Include="$(ProjectDir)\src\dx9\gld5_wgl.c" />
    <ClCompile Include="$(ProjectDir)\src\dx9\gld_dlist.c" />
    <ClCompile Include="$(ProjectDir)\src\dx9\gld_shaders.c" />
    <ClCompile Include="$(ProjectDir)\src\dx9\gld_tnl_dx9.c" />
    <ClCompile Include="$(ProjectDir)\src\gld_arrayelt.c" />
    <ClCompile Include="$(ProjectDir)\src\gld_context.c" />
    <ClCompile Include="$(ProjectDir)\src\gld_driver.c" />
    <ClCompile Include="$(ProjectDir)\src\gld_globals.c" />
    <ClCompile Include="$(ProjectDir)\src\gld_log.c" />
    <ClCompile Include="$(ProjectDir)\src\gld_pf.c" />
    <ClCompile Include="$(ProjectDir)\src\gld_wgl.c" />
  </ItemGroup>
  <ItemGroup>
    <ClInclude Include="$(ProjectDir)\mesa\include\GL\glext.h" />
    <ClInclude Include="$(ProjectDir)\mesa\include\GL\internal\glcore.h" />
    <ClInclude Include="$(ProjectDir)\mesa\include\GL\mesa_wgl.h" />
    <ClInclude Include="$(ProjectDir)\mesa\src\mesa\glapi\glapi.h" />
    <ClInclude Include="$(ProjectDir)\mesa\src\mesa\glapi\glapitable.h" />
    <ClInclude Include="$(ProjectDir)\mesa\src\mesa\glapi\glthread.h" />
    <ClInclude Include="$(ProjectDir)\mesa\src\mesa\main\api_arrayelt.h" />
    <ClInclude Include="$(ProjectDir)\mesa\src\mesa\main\api_noop.h" />
    <ClInclude Include="$(ProjectDir)\mesa\src\mesa\main\colormac.h" />
    <ClInclude Include="$(ProjectDir)\mesa\src\mesa\main\config.h" />
    <ClInclude Include="$(ProjectDir)\mesa\src\mesa\main\context.h" />
    <ClInclude Include="$(ProjectDir)\mesa\src\mesa\main\dd.h" />
    <ClInclude Include="$(ProjectDir)\mesa\src\mesa\main\depth.h" />
    <ClInclude Include="$(ProjectDir)\mesa\src\mesa\main\dlist.h" />
    <ClInclude Include="$(ProjectDir)\mesa\src\mesa\main\drawpix.h" />
    <ClInclude Include="$(ProjectDir)\mesa\src\mesa\main\extensions.h" />
    <ClInclude Include="$(ProjectDir)\mesa\src\mesa\main\get.h" />
    <ClInclude Include="$(ProjectDir)\mesa\src\mesa\main\glheader.h" />
    <ClInclude Include="$(ProjectDir)\mesa\src\mesa\main\image.h" />
    <ClInclude Include="$(ProjectDir)\mesa\src\mesa\main\imports.h" />
    <ClInclude Include="$(ProjectDir)\mesa\src\mesa\main\macros.h" />
    <ClInclude Include="$(ProjectDir)\mesa\src\mesa\main\matrix.h" />
    <ClInclude Include="$(ProjectDir)\mesa\src\mesa\main\mtypes.h" />
    <ClInclude Include="$(ProjectDir)\mesa\src\mesa\main\state.h" />
    <ClInclude Include="$(ProjectDir)\mesa\src\mesa\main\texformat.h" />
    <ClInclude Include="$(ProjectDir)\mesa\src\mesa\main\teximage.h" />
    <ClInclude Include="$(ProjectDir)\mesa\src\mesa\main\texstore.h" />
    <ClInclude Include="$(ProjectDir)\mesa\src\mesa\main\vtxfmt.h" />
    <ClInclude Include="$(ProjectDir)\mesa\src\mesa\math\m_matrix.h" />
    <ClInclude Include="$(ProjectDir)\mesa\src\mesa\x86\common_x86_asm.h" />
    <ClInclude Include="$(ProjectDir)\mesa\src\mesa\x86\common_x86_features.h" />
    <ClInclude Include="$(ProjectDir)\src\dll_main.h" />
    <ClInclude Include="$(ProjectDir)\src\dx9\gldirect5.h" />
    <ClInclude Include="$(ProjectDir)\src\dx9\gld_dxerr9.h" />
    <ClInclude Include="$(ProjectDir)\src\gld_api.h" />
    <ClInclude Include="$(ProjectDir)\src\gld_arrayelt.h" />
    <ClInclude Include="$(ProjectDir)\src\gld_context.h" />
    <ClInclude Include="$(ProjectDir)\src\gld_driver.h" />
    <ClInclude Include="$(ProjectDir)\src\gld_globals.h" />
    <ClInclude Include="$(ProjectDir)\src\gld_log.h" />
    <ClInclude Include="$(ProjectDir)\src\gld_macros.h" />
    <ClInclude Include="$(ProjectDir)\src\gld_pf.h" />
    <ClInclude Include="$(ProjectDir)\src\gld_wgl.h" />
    <ClInclude Include="$(ProjectDir)\src\glu.h" />
  </ItemGroup>
  <ItemGroup>
    <None Include="opengl32.def">
      <Filter>def</Filter>
    </None>
    <None Include="packages.config" />
  </ItemGroup>
</Project>